
Microsoft Visual Studio Solution File, Format Version 12.00
# Visual Studio Version 17
VisualStudioVersion = 17.2.32519.379
MinimumVisualStudioVersion = 10.0.40219.1
Project("{9A19103F-16F7-4668-BE54-9A1E7A4F7556}") = "Hexgrid", "Hexmap\Hexgrid.csproj", "{97F90E3A-1138-492D-95D0-A1F65E06FE19}"
EndProject
Project("{9A19103F-16F7-4668-BE54-9A1E7A4F7556}") = "HexgridTester", "HexgridTester\HexgridTester.csproj", "{851D278D-4296-49AD-9096-1BCD757EC62A}"
EndProject
Project("{2150E333-8FDC-42A3-9474-1A3956D46DE8}") = "Solution Items", "Solution Items", "{D113F1FB-AA9E-43B2-BA05-94FB948828F0}"
	ProjectSection(SolutionItems) = preProject
		README.md = README.md
	EndProjectSection
EndProject
Project("{9A19103F-16F7-4668-BE54-9A1E7A4F7556}") = "ViewComponentSample", "ViewCompFinal\ViewComponentSample.csproj", "{04A8519E-C4EE-4ED1-9ED2-20A7D05D7CB8}"
EndProject
Global
	GlobalSection(SolutionConfigurationPlatforms) = preSolution
		Debug|Any CPU = Debug|Any CPU
		Release|Any CPU = Release|Any CPU
	EndGlobalSection
	GlobalSection(ProjectConfigurationPlatforms) = postSolution
		{97F90E3A-1138-492D-95D0-A1F65E06FE19}.Debug|Any CPU.ActiveCfg = Debug|Any CPU
		{97F90E3A-1138-492D-95D0-A1F65E06FE19}.Debug|Any CPU.Build.0 = Debug|Any CPU
		{97F90E3A-1138-492D-95D0-A1F65E06FE19}.Release|Any CPU.ActiveCfg = Release|Any CPU
		{97F90E3A-1138-492D-95D0-A1F65E06FE19}.Release|Any CPU.Build.0 = Release|Any CPU
		{851D278D-4296-49AD-9096-1BCD757EC62A}.Debug|Any CPU.ActiveCfg = Debug|Any CPU
		{851D278D-4296-49AD-9096-1BCD757EC62A}.Debug|Any CPU.Build.0 = Debug|Any CPU
		{851D278D-4296-49AD-9096-1BCD757EC62A}.Release|Any CPU.ActiveCfg = Release|Any CPU
		{851D278D-4296-49AD-9096-1BCD757EC62A}.Release|Any CPU.Build.0 = Release|Any CPU
		{04A8519E-C4EE-4ED1-9ED2-20A7D05D7CB8}.Debug|Any CPU.ActiveCfg = Debug|Any CPU
		{04A8519E-C4EE-4ED1-9ED2-20A7D05D7CB8}.Debug|Any CPU.Build.0 = Debug|Any CPU
		{04A8519E-C4EE-4ED1-9ED2-20A7D05D7CB8}.Release|Any CPU.ActiveCfg = Release|Any CPU
		{04A8519E-C4EE-4ED1-9ED2-20A7D05D7CB8}.Release|Any CPU.Build.0 = Release|Any CPU
	EndGlobalSection
	GlobalSection(SolutionProperties) = preSolution
		HideSolutionNode = FALSE
	EndGlobalSection
	GlobalSection(ExtensibilityGlobals) = postSolution
		SolutionGuid = {DB5ED207-4159-4EE6-8406-18E9BB3D6DD5}
	EndGlobalSection
EndGlobal
